
Microsoft Visual Studio Solution File, Format Version 12.00
# Visual Studio Version 16
VisualStudioVersion = 16.0.30907.101
MinimumVisualStudioVersion = 10.0.40219.1
Project("{9092AA53-FB77-4645-B42D-1CCCA6BD08BD}") = "Consumo Médio do Automóvel", "Consumo Médio do Automóvel.njsproj", "{13E1D2A1-D9A7-4360-8941-ECA397F5232B}"
EndProject
Global
	GlobalSection(SolutionConfigurationPlatforms) = preSolution
		Debug|Any CPU = Debug|Any CPU
		Release|Any CPU = Release|Any CPU
	EndGlobalSection
	GlobalSection(ProjectConfigurationPlatforms) = postSolution
		{13E1D2A1-D9A7-4360-8941-ECA397F5232B}.Debug|Any CPU.ActiveCfg = Debug|Any CPU
		{13E1D2A1-D9A7-4360-8941-ECA397F5232B}.Debug|Any CPU.Build.0 = Debug|Any CPU
		{13E1D2A1-D9A7-4360-8941-ECA397F5232B}.Release|Any CPU.ActiveCfg = Release|Any CPU
		{13E1D2A1-D9A7-4360-8941-ECA397F5232B}.Release|Any CPU.Build.0 = Release|Any CPU
	EndGlobalSection
	GlobalSection(SolutionProperties) = preSolution
		HideSolutionNode = FALSE
	EndGlobalSection
	GlobalSection(ExtensibilityGlobals) = postSolution
		SolutionGuid = {4B77317F-E751-4B15-91B3-B7A4C2AD068D}
	EndGlobalSection
EndGlobal
