
Microsoft Visual Studio Solution File, Format Version 12.00
# Visual Studio Version 16
VisualStudioVersion = 16.0.30907.101
MinimumVisualStudioVersion = 10.0.40219.1
Project("{9092AA53-FB77-4645-B42D-1CCCA6BD08BD}") = "Quantidade de Números Positivos", "Quantidade de Números Positivos.njsproj", "{0131882D-28D6-4FF2-B0C3-25DF0B01DF4A}"
EndProject
Global
	GlobalSection(SolutionConfigurationPlatforms) = preSolution
		Debug|Any CPU = Debug|Any CPU
		Release|Any CPU = Release|Any CPU
	EndGlobalSection
	GlobalSection(ProjectConfigurationPlatforms) = postSolution
		{0131882D-28D6-4FF2-B0C3-25DF0B01DF4A}.Debug|Any CPU.ActiveCfg = Debug|Any CPU
		{0131882D-28D6-4FF2-B0C3-25DF0B01DF4A}.Debug|Any CPU.Build.0 = Debug|Any CPU
		{0131882D-28D6-4FF2-B0C3-25DF0B01DF4A}.Release|Any CPU.ActiveCfg = Release|Any CPU
		{0131882D-28D6-4FF2-B0C3-25DF0B01DF4A}.Release|Any CPU.Build.0 = Release|Any CPU
	EndGlobalSection
	GlobalSection(SolutionProperties) = preSolution
		HideSolutionNode = FALSE
	EndGlobalSection
	GlobalSection(ExtensibilityGlobals) = postSolution
		SolutionGuid = {38016881-CB3E-460C-B380-5F93F0598729}
	EndGlobalSection
EndGlobal
