
Microsoft Visual Studio Solution File, Format Version 12.00
# Visual Studio Version 16
VisualStudioVersion = 16.0.30907.101
MinimumVisualStudioVersion = 10.0.40219.1
Project("{9092AA53-FB77-4645-B42D-1CCCA6BD08BD}") = "Exibindo Números Pares", "Exibindo Números Pares.njsproj", "{53F927B6-E255-46D5-9A16-008F48C3F247}"
EndProject
Global
	GlobalSection(SolutionConfigurationPlatforms) = preSolution
		Debug|Any CPU = Debug|Any CPU
		Release|Any CPU = Release|Any CPU
	EndGlobalSection
	GlobalSection(ProjectConfigurationPlatforms) = postSolution
		{53F927B6-E255-46D5-9A16-008F48C3F247}.Debug|Any CPU.ActiveCfg = Debug|Any CPU
		{53F927B6-E255-46D5-9A16-008F48C3F247}.Debug|Any CPU.Build.0 = Debug|Any CPU
		{53F927B6-E255-46D5-9A16-008F48C3F247}.Release|Any CPU.ActiveCfg = Release|Any CPU
		{53F927B6-E255-46D5-9A16-008F48C3F247}.Release|Any CPU.Build.0 = Release|Any CPU
	EndGlobalSection
	GlobalSection(SolutionProperties) = preSolution
		HideSolutionNode = FALSE
	EndGlobalSection
	GlobalSection(ExtensibilityGlobals) = postSolution
		SolutionGuid = {48F9A6AA-A790-4739-B35E-7A06255C56F8}
	EndGlobalSection
EndGlobal
